<?xml version="1.0" encoding="utf-8"?>
<Project ToolsVersion="4.0" xmlns="http://schemas.microsoft.com/developer/msbuild/2003">
  <ItemGroup>
    <Filter Include="Source Files">
      <UniqueIdentifier>{4FC737F1-C7A5-4376-A066-2A32D752A2FF}</UniqueIdentifier>
      <Extensions>cpp;c;cc;cxx;c++;cppm;ixx;def;odl;idl;hpj;bat;asm;asmx</Extensions>
    </Filter>
    <Filter Include="Header Files">
      <UniqueIdentifier>{93995380-89BD-4b04-88EB-625FBE52EBFB}</UniqueIdentifier>
      <Extensions>h;hh;hpp;hxx;h++;hm;inl;inc;ipp;xsd</Extensions>
    </Filter>
    <Filter Include="Resource Files">
      <UniqueIdentifier>{67DA6AB6-F800-4c08-8B7A-83BB121AAD01}</UniqueIdentifier>
      <Extensions>rc;ico;cur;bmp;dlg;rc2;rct;bin;rgs;gif;jpg;jpeg;jpe;resx;tiff;tif;png;wav;mfcribbon-ms</Extensions>
    </Filter>
  </ItemGroup>
  <ItemGroup>
    <ClInclude Include="external\ImGui\imstb_rectpack.h">
      <Filter>Header Files</Filter>
    </ClInclude>
    <ClInclude Include="external\ImGui\imstb_truetype.h">
      <Filter>Header Files</Filter>
    </ClInclude>
    <ClInclude Include="external\include\glad\glad.h">
      <Filter>Header Files</Filter>
    </ClInclude>
    <ClInclude Include="external\include\GLFW\glfw3.h">
      <Filter>Header Files</Filter>
    </ClInclude>
    <ClInclude Include="external\include\GLFW\glfw3native.h">
      <Filter>Header Files</Filter>
    </ClInclude>
    <ClInclude Include="external\include\ImGui\imconfig.h">
      <Filter>Header Files</Filter>
    </ClInclude>
    <ClInclude Include="external\include\ImGui\imgui.h">
      <Filter>Header Files</Filter>
    </ClInclude>
    <ClInclude Include="external\include\ImGui\imgui_impl_glfw.h">
      <Filter>Header Files</Filter>
    </ClInclude>
    <ClInclude Include="external\include\ImGui\imgui_impl_opengl3.h">
      <Filter>Header Files</Filter>
    </ClInclude>
    <ClInclude Include="external\include\ImGui\imgui_internal.h">
      <Filter>Header Files</Filter>
    </ClInclude>
    <ClInclude Include="external\include\ImGui\imstb_textedit.h">
      <Filter>Header Files</Filter>
    </ClInclude>
    <ClInclude Include="external\src\ImGui\imstb_rectpack.h">
      <Filter>Header Files</Filter>
    </ClInclude>
    <ClInclude Include="external\src\ImGui\imstb_truetype.h">
      <Filter>Header Files</Filter>
    </ClInclude>
    <ClInclude Include="source\include\callbacks.hpp">
      <Filter>Header Files</Filter>
    </ClInclude>
    <ClInclude Include="external\include\KHR\khrplatform.h">
      <Filter>Header Files</Filter>
    </ClInclude>
    <ClInclude Include="source\include\core\debug\assert.hpp">
      <Filter>Header Files</Filter>
    </ClInclude>
    <ClInclude Include="source\include\core\debug\log.hpp">
      <Filter>Header Files</Filter>
    </ClInclude>
    <ClInclude Include="source\include\core\debug\ILogger.hpp">
      <Filter>Header Files</Filter>
    </ClInclude>
    <ClInclude Include="source\include\core\debug\log_data.hpp">
      <Filter>Header Files</Filter>
    </ClInclude>
    <ClInclude Include="source\include\core\debug\log_level.hpp">
      <Filter>Header Files</Filter>
    </ClInclude>
    <ClInclude Include="source\include\core\debug\file_logger.hpp">
      <Filter>Header Files</Filter>
    </ClInclude>
    <ClInclude Include="source\include\core\debug\console_logger.hpp">
      <Filter>Header Files</Filter>
    </ClInclude>
    <ClInclude Include="source\include\core\data_structures\tsqueue.hpp">
      <Filter>Header Files</Filter>
    </ClInclude>
    <ClInclude Include="source\include\core\debug\fatal_logger.hpp">
      <Filter>Header Files</Filter>
    </ClInclude>
    <ClInclude Include="source\include\resources\resource_manager.hpp">
      <Filter>Header Files</Filter>
    </ClInclude>
    <ClInclude Include="source\include\resources\resource.hpp">
      <Filter>Header Files</Filter>
    </ClInclude>
    <ClInclude Include="source\include\resources\texture.hpp">
      <Filter>Header Files</Filter>
    </ClInclude>
    <ClInclude Include="source\include\resources\model.hpp">
      <Filter>Header Files</Filter>
    </ClInclude>
    <ClInclude Include="external\include\StbImage\stb_image.h">
      <Filter>Header Files</Filter>
    </ClInclude>
    <ClInclude Include="source\include\core\maths\matrix2x2.h">
      <Filter>Header Files</Filter>
    </ClInclude>
    <ClInclude Include="source\include\core\maths\matrix3x3.h">
      <Filter>Header Files</Filter>
    </ClInclude>
    <ClInclude Include="source\include\core\maths\matrix4x4.h">
      <Filter>Header Files</Filter>
    </ClInclude>
    <ClInclude Include="source\include\core\maths\matrixM.h">
      <Filter>Header Files</Filter>
    </ClInclude>
    <ClInclude Include="source\include\core\maths\vector2.h">
      <Filter>Header Files</Filter>
    </ClInclude>
    <ClInclude Include="source\include\core\maths\vector3.h">
      <Filter>Header Files</Filter>
    </ClInclude>
    <ClInclude Include="source\include\core\maths\vector4.h">
      <Filter>Header Files</Filter>
    </ClInclude>
    <ClInclude Include="source\include\core\maths\vectorM.h">
      <Filter>Header Files</Filter>
    </ClInclude>
    <ClInclude Include="source\include\renderer\vertex.hpp">
      <Filter>Header Files</Filter>
    </ClInclude>
    <ClInclude Include="source\include\resources\shader.hpp">
      <Filter>Header Files</Filter>
    </ClInclude>
    <ClInclude Include="source\include\resources\shader_part.hpp">
      <Filter>Header Files</Filter>
    </ClInclude>
    <ClInclude Include="source\include\renderer\camera.hpp">
      <Filter>Header Files</Filter>
    </ClInclude>
    <ClInclude Include="source\include\core\application.hpp">
      <Filter>Header Files</Filter>
    </ClInclude>
    <ClInclude Include="source\include\core\object.hpp">
      <Filter>Header Files</Filter>
    </ClInclude>
    <ClInclude Include="source\include\core\scene.hpp">
      <Filter>Header Files</Filter>
    </ClInclude>
    <ClInclude Include="source\include\ui\engine_ui.hpp">
      <Filter>Header Files</Filter>
    </ClInclude>
    <ClInclude Include="source\include\core\component.hpp">
      <Filter>Header Files</Filter>
    </ClInclude>
    <ClInclude Include="source\include\renderer\light.hpp">
      <Filter>Header Files</Filter>
    </ClInclude>
    <ClInclude Include="source\include\renderer\point_light.hpp">
      <Filter>Header Files</Filter>
    </ClInclude>
    <ClInclude Include="source\include\renderer\spot_light.hpp">
      <Filter>Header Files</Filter>
    </ClInclude>
    <ClInclude Include="source\include\renderer\directional_light.hpp">
      <Filter>Header Files</Filter>
    </ClInclude>
    <ClInclude Include="source\include\core\data_structures\task.hpp">
      <Filter>Header Files</Filter>
    </ClInclude>
  </ItemGroup>
  <ItemGroup>
    <ClCompile Include="source\src\main.cpp">
      <Filter>Source Files</Filter>
    </ClCompile>
    <ClCompile Include="external\src\glad\glad.c">
      <Filter>Source Files</Filter>
    </ClCompile>
    <ClCompile Include="external\src\ImGui\imgui.cpp">
      <Filter>Source Files</Filter>
    </ClCompile>
    <ClCompile Include="external\src\ImGui\imgui_demo.cpp">
      <Filter>Source Files</Filter>
    </ClCompile>
    <ClCompile Include="external\src\ImGui\imgui_draw.cpp">
      <Filter>Source Files</Filter>
    </ClCompile>
    <ClCompile Include="external\src\ImGui\imgui_impl_glfw.cpp">
      <Filter>Source Files</Filter>
    </ClCompile>
    <ClCompile Include="external\src\ImGui\imgui_impl_opengl3.cpp">
      <Filter>Source Files</Filter>
    </ClCompile>
    <ClCompile Include="external\src\ImGui\imgui_widgets.cpp">
      <Filter>Source Files</Filter>
    </ClCompile>
    <ClCompile Include="source\src\core\debug\assert.cpp">
      <Filter>Source Files</Filter>
    </ClCompile>
    <ClCompile Include="source\src\core\debug\log.cpp">
      <Filter>Source Files</Filter>
    </ClCompile>
    <ClCompile Include="source\src\core\debug\file_logger.cpp">
      <Filter>Source Files</Filter>
    </ClCompile>
    <ClCompile Include="source\src\core\debug\console_logger.cpp">
      <Filter>Source Files</Filter>
    </ClCompile>
    <ClCompile Include="source\src\core\debug\fatal_logger.cpp">
      <Filter>Source Files</Filter>
    </ClCompile>
    <ClCompile Include="source\src\resources\resource_manager.cpp">
      <Filter>Source Files</Filter>
    </ClCompile>
    <ClCompile Include="source\src\resources\texture.cpp">
      <Filter>Source Files</Filter>
    </ClCompile>
    <ClCompile Include="source\src\resources\model.cpp">
      <Filter>Source Files</Filter>
    </ClCompile>
    <ClCompile Include="external\src\StbImage\stb_image.cpp">
      <Filter>Source Files</Filter>
    </ClCompile>
    <ClCompile Include="source\src\core\maths\matrix2x2.cpp">
      <Filter>Source Files</Filter>
    </ClCompile>
    <ClCompile Include="source\src\core\maths\matrix3x3.cpp">
      <Filter>Source Files</Filter>
    </ClCompile>
    <ClCompile Include="source\src\core\maths\matrix4x4.cpp">
      <Filter>Source Files</Filter>
    </ClCompile>
    <ClCompile Include="source\src\core\maths\matrixM.cpp">
      <Filter>Source Files</Filter>
    </ClCompile>
    <ClCompile Include="source\src\core\maths\vector2.cpp">
      <Filter>Source Files</Filter>
    </ClCompile>
    <ClCompile Include="source\src\core\maths\vector3.cpp">
      <Filter>Source Files</Filter>
    </ClCompile>
    <ClCompile Include="source\src\core\maths\vector4.cpp">
      <Filter>Source Files</Filter>
    </ClCompile>
    <ClCompile Include="source\src\core\maths\vectorM.cpp">
      <Filter>Source Files</Filter>
    </ClCompile>
    <ClCompile Include="source\src\resources\shader.cpp">
      <Filter>Source Files</Filter>
    </ClCompile>
    <ClCompile Include="source\src\resources\shader_part.cpp">
      <Filter>Source Files</Filter>
    </ClCompile>
    <ClCompile Include="source\src\renderer\camera.cpp">
      <Filter>Source Files</Filter>
    </ClCompile>
    <ClCompile Include="source\src\core\application.cpp">
      <Filter>Source Files</Filter>
    </ClCompile>
    <ClCompile Include="source\src\core\object.cpp">
      <Filter>Source Files</Filter>
    </ClCompile>
    <ClCompile Include="source\include\physics\transform.hpp">
      <Filter>Source Files</Filter>
    </ClCompile>
    <ClCompile Include="source\src\physics\transform.cpp">
      <Filter>Source Files</Filter>
    </ClCompile>
    <ClCompile Include="source\src\core\scene.cpp">
      <Filter>Source Files</Filter>
    </ClCompile>
    <ClCompile Include="source\src\ui\engine_ui.cpp">
      <Filter>Source Files</Filter>
    </ClCompile>
    <ClCompile Include="source\src\core\component.cpp">
      <Filter>Source Files</Filter>
    </ClCompile>
    <ClCompile Include="source\src\renderer\light.cpp">
      <Filter>Source Files</Filter>
    </ClCompile>
    <ClCompile Include="source\src\renderer\point_light.cpp">
      <Filter>Source Files</Filter>
    </ClCompile>
    <ClCompile Include="source\src\renderer\spot_light.cpp">
      <Filter>Source Files</Filter>
    </ClCompile>
    <ClCompile Include="source\src\renderer\directional_light.cpp">
      <Filter>Source Files</Filter>
    </ClCompile>
  </ItemGroup>
</Project>